
Microsoft Visual Studio Solution File, Format Version 12.00
# Visual Studio Version 16
VisualStudioVersion = 16.0.31205.134
MinimumVisualStudioVersion = 10.0.40219.1
Project("{2150E333-8FDC-42A3-9474-1A3956D46DE8}") = "src", "src", "{053784DA-DCD2-4FFB-B343-7340D97CF57C}"
EndProject
Project("{2150E333-8FDC-42A3-9474-1A3956D46DE8}") = "WorkQueues", "WorkQueues", "{2A19A21E-CD76-4965-AE01-1B03D1E63E25}"
EndProject
Project("{2150E333-8FDC-42A3-9474-1A3956D46DE8}") = "PubSub", "PubSub", "{74C71714-C35B-47AC-BE4A-98A555E1741B}"
EndProject
Project("{2150E333-8FDC-42A3-9474-1A3956D46DE8}") = "Routing", "Routing", "{CF54FEA4-2641-458E-815B-D678BE77B592}"
EndProject
Project("{2150E333-8FDC-42A3-9474-1A3956D46DE8}") = "Topic", "Topic", "{27BD557F-DB88-4891-97EE-17093F764EA1}"
EndProject
Project("{2150E333-8FDC-42A3-9474-1A3956D46DE8}") = "Rpc", "Rpc", "{B32B0EB1-49CE-4CEB-95AB-28C767339EE9}"
EndProject
Project("{9A19103F-16F7-4668-BE54-9A1E7A4F7556}") = "Sender", "src\WorkQueues\Sender\Sender.csproj", "{E7B5A895-B499-46A7-9EC9-B8C9C08E5CB0}"
EndProject
Project("{9A19103F-16F7-4668-BE54-9A1E7A4F7556}") = "Receiver", "src\WorkQueues\Receiver\Receiver.csproj", "{99692A05-82A1-4668-8C37-A2725F2872AA}"
EndProject
Project("{9A19103F-16F7-4668-BE54-9A1E7A4F7556}") = "Pub", "src\PubSub\Pub\Pub.csproj", "{BBF27210-27F8-410C-BE3B-B9F81D03B800}"
EndProject
Project("{9A19103F-16F7-4668-BE54-9A1E7A4F7556}") = "Sub", "src\PubSub\Sub\Sub.csproj", "{93294843-8C96-4039-AEA5-29B70A2B8BD2}"
EndProject
Project("{FAE04EC0-301F-11D3-BF4B-00C04F79EFBC}") = "Send", "src\Rouitng\Send\Send.csproj", "{49D420E9-27EC-422F-BD67-DBFBE500ED4F}"
EndProject
Project("{FAE04EC0-301F-11D3-BF4B-00C04F79EFBC}") = "Receive", "src\Rouitng\Receive\Receive.csproj", "{D7FFA9DA-4214-407B-BD6D-D151C188EB28}"
EndProject
Project("{FAE04EC0-301F-11D3-BF4B-00C04F79EFBC}") = "Send", "src\Topic\Send\Send.csproj", "{55B07BED-983B-4810-AE82-07A589FE910F}"
EndProject
Project("{FAE04EC0-301F-11D3-BF4B-00C04F79EFBC}") = "Receive", "src\Topic\Receive\Receive.csproj", "{870FB2BF-2A10-42C8-98A9-1EAE80CC400A}"
EndProject
Project("{FAE04EC0-301F-11D3-BF4B-00C04F79EFBC}") = "Server", "src\Rpc\Server\Server.csproj", "{21A9E00C-7A1B-477F-BEBF-61C7AB9D2335}"
EndProject
Project("{FAE04EC0-301F-11D3-BF4B-00C04F79EFBC}") = "Client", "src\Rpc\Client\Client.csproj", "{825670D5-8C22-4AE9-BC86-4E104C8514EB}"
EndProject
Global
	GlobalSection(SolutionConfigurationPlatforms) = preSolution
		Debug|Any CPU = Debug|Any CPU
		Release|Any CPU = Release|Any CPU
	EndGlobalSection
	GlobalSection(ProjectConfigurationPlatforms) = postSolution
		{E7B5A895-B499-46A7-9EC9-B8C9C08E5CB0}.Debug|Any CPU.ActiveCfg = Debug|Any CPU
		{E7B5A895-B499-46A7-9EC9-B8C9C08E5CB0}.Debug|Any CPU.Build.0 = Debug|Any CPU
		{E7B5A895-B499-46A7-9EC9-B8C9C08E5CB0}.Release|Any CPU.ActiveCfg = Release|Any CPU
		{E7B5A895-B499-46A7-9EC9-B8C9C08E5CB0}.Release|Any CPU.Build.0 = Release|Any CPU
		{99692A05-82A1-4668-8C37-A2725F2872AA}.Debug|Any CPU.ActiveCfg = Debug|Any CPU
		{99692A05-82A1-4668-8C37-A2725F2872AA}.Debug|Any CPU.Build.0 = Debug|Any CPU
		{99692A05-82A1-4668-8C37-A2725F2872AA}.Release|Any CPU.ActiveCfg = Release|Any CPU
		{99692A05-82A1-4668-8C37-A2725F2872AA}.Release|Any CPU.Build.0 = Release|Any CPU
		{BBF27210-27F8-410C-BE3B-B9F81D03B800}.Debug|Any CPU.ActiveCfg = Debug|Any CPU
		{BBF27210-27F8-410C-BE3B-B9F81D03B800}.Debug|Any CPU.Build.0 = Debug|Any CPU
		{BBF27210-27F8-410C-BE3B-B9F81D03B800}.Release|Any CPU.ActiveCfg = Release|Any CPU
		{BBF27210-27F8-410C-BE3B-B9F81D03B800}.Release|Any CPU.Build.0 = Release|Any CPU
		{93294843-8C96-4039-AEA5-29B70A2B8BD2}.Debug|Any CPU.ActiveCfg = Debug|Any CPU
		{93294843-8C96-4039-AEA5-29B70A2B8BD2}.Debug|Any CPU.Build.0 = Debug|Any CPU
		{93294843-8C96-4039-AEA5-29B70A2B8BD2}.Release|Any CPU.ActiveCfg = Release|Any CPU
		{93294843-8C96-4039-AEA5-29B70A2B8BD2}.Release|Any CPU.Build.0 = Release|Any CPU
		{49D420E9-27EC-422F-BD67-DBFBE500ED4F}.Debug|Any CPU.ActiveCfg = Debug|Any CPU
		{49D420E9-27EC-422F-BD67-DBFBE500ED4F}.Debug|Any CPU.Build.0 = Debug|Any CPU
		{49D420E9-27EC-422F-BD67-DBFBE500ED4F}.Release|Any CPU.ActiveCfg = Release|Any CPU
		{49D420E9-27EC-422F-BD67-DBFBE500ED4F}.Release|Any CPU.Build.0 = Release|Any CPU
		{D7FFA9DA-4214-407B-BD6D-D151C188EB28}.Debug|Any CPU.ActiveCfg = Debug|Any CPU
		{D7FFA9DA-4214-407B-BD6D-D151C188EB28}.Debug|Any CPU.Build.0 = Debug|Any CPU
		{D7FFA9DA-4214-407B-BD6D-D151C188EB28}.Release|Any CPU.ActiveCfg = Release|Any CPU
		{D7FFA9DA-4214-407B-BD6D-D151C188EB28}.Release|Any CPU.Build.0 = Release|Any CPU
		{55B07BED-983B-4810-AE82-07A589FE910F}.Debug|Any CPU.ActiveCfg = Debug|Any CPU
		{55B07BED-983B-4810-AE82-07A589FE910F}.Debug|Any CPU.Build.0 = Debug|Any CPU
		{55B07BED-983B-4810-AE82-07A589FE910F}.Release|Any CPU.ActiveCfg = Release|Any CPU
		{55B07BED-983B-4810-AE82-07A589FE910F}.Release|Any CPU.Build.0 = Release|Any CPU
		{870FB2BF-2A10-42C8-98A9-1EAE80CC400A}.Debug|Any CPU.ActiveCfg = Debug|Any CPU
		{870FB2BF-2A10-42C8-98A9-1EAE80CC400A}.Debug|Any CPU.Build.0 = Debug|Any CPU
		{870FB2BF-2A10-42C8-98A9-1EAE80CC400A}.Release|Any CPU.ActiveCfg = Release|Any CPU
		{870FB2BF-2A10-42C8-98A9-1EAE80CC400A}.Release|Any CPU.Build.0 = Release|Any CPU
		{21A9E00C-7A1B-477F-BEBF-61C7AB9D2335}.Debug|Any CPU.ActiveCfg = Debug|Any CPU
		{21A9E00C-7A1B-477F-BEBF-61C7AB9D2335}.Debug|Any CPU.Build.0 = Debug|Any CPU
		{21A9E00C-7A1B-477F-BEBF-61C7AB9D2335}.Release|Any CPU.ActiveCfg = Release|Any CPU
		{21A9E00C-7A1B-477F-BEBF-61C7AB9D2335}.Release|Any CPU.Build.0 = Release|Any CPU
		{825670D5-8C22-4AE9-BC86-4E104C8514EB}.Debug|Any CPU.ActiveCfg = Debug|Any CPU
		{825670D5-8C22-4AE9-BC86-4E104C8514EB}.Debug|Any CPU.Build.0 = Debug|Any CPU
		{825670D5-8C22-4AE9-BC86-4E104C8514EB}.Release|Any CPU.ActiveCfg = Release|Any CPU
		{825670D5-8C22-4AE9-BC86-4E104C8514EB}.Release|Any CPU.Build.0 = Release|Any CPU
	EndGlobalSection
	GlobalSection(SolutionProperties) = preSolution
		HideSolutionNode = FALSE
	EndGlobalSection
	GlobalSection(NestedProjects) = preSolution
		{2A19A21E-CD76-4965-AE01-1B03D1E63E25} = {053784DA-DCD2-4FFB-B343-7340D97CF57C}
		{74C71714-C35B-47AC-BE4A-98A555E1741B} = {053784DA-DCD2-4FFB-B343-7340D97CF57C}
		{CF54FEA4-2641-458E-815B-D678BE77B592} = {053784DA-DCD2-4FFB-B343-7340D97CF57C}
		{27BD557F-DB88-4891-97EE-17093F764EA1} = {053784DA-DCD2-4FFB-B343-7340D97CF57C}
		{B32B0EB1-49CE-4CEB-95AB-28C767339EE9} = {053784DA-DCD2-4FFB-B343-7340D97CF57C}
		{E7B5A895-B499-46A7-9EC9-B8C9C08E5CB0} = {2A19A21E-CD76-4965-AE01-1B03D1E63E25}
		{99692A05-82A1-4668-8C37-A2725F2872AA} = {2A19A21E-CD76-4965-AE01-1B03D1E63E25}
		{BBF27210-27F8-410C-BE3B-B9F81D03B800} = {74C71714-C35B-47AC-BE4A-98A555E1741B}
		{93294843-8C96-4039-AEA5-29B70A2B8BD2} = {74C71714-C35B-47AC-BE4A-98A555E1741B}
		{49D420E9-27EC-422F-BD67-DBFBE500ED4F} = {CF54FEA4-2641-458E-815B-D678BE77B592}
		{D7FFA9DA-4214-407B-BD6D-D151C188EB28} = {CF54FEA4-2641-458E-815B-D678BE77B592}
		{55B07BED-983B-4810-AE82-07A589FE910F} = {27BD557F-DB88-4891-97EE-17093F764EA1}
		{870FB2BF-2A10-42C8-98A9-1EAE80CC400A} = {27BD557F-DB88-4891-97EE-17093F764EA1}
		{21A9E00C-7A1B-477F-BEBF-61C7AB9D2335} = {B32B0EB1-49CE-4CEB-95AB-28C767339EE9}
		{825670D5-8C22-4AE9-BC86-4E104C8514EB} = {B32B0EB1-49CE-4CEB-95AB-28C767339EE9}
	EndGlobalSection
	GlobalSection(ExtensibilityGlobals) = postSolution
		SolutionGuid = {9EEC2F44-E834-449D-BC02-D804FF441253}
	EndGlobalSection
EndGlobal
